{
  "name": "eslint-config-lob",
  "version": "2.2.0",
  "dependencies": {
    "bluebird": {
      "version": "3.1.1",
      "from": "bluebird@>=3.0.6 <4.0.0",
      "resolved": "https://registry.npmjs.org/bluebird/-/bluebird-3.1.1.tgz"
    },
    "commander": {
      "version": "2.9.0",
      "from": "commander@>=2.9.0 <3.0.0",
      "resolved": "https://registry.npmjs.org/commander/-/commander-2.9.0.tgz"
    },
    "generate-changelog": {
      "version": "1.0.0",
      "from": "generate-changelog@*",
      "resolved": "https://registry.npmjs.org/generate-changelog/-/generate-changelog-1.0.0.tgz"
    },
    "github-url-from-git": {
      "version": "1.4.0",
      "from": "github-url-from-git@>=1.4.0 <2.0.0",
      "resolved": "https://registry.npmjs.org/github-url-from-git/-/github-url-from-git-1.4.0.tgz"
    },
    "graceful-readlink": {
      "version": "1.0.1",
      "from": "graceful-readlink@>=1.0.0",
      "resolved": "https://registry.npmjs.org/graceful-readlink/-/graceful-readlink-1.0.1.tgz"
    }
  }
}
